// !$*UTF8*$!
{
	archiveVersion = 1;
	classes = {
	};
	objectVersion = 50;
	objects = {

/* Begin PBXBuildFile section */
		07F070AE26346B6F009F0578 /* AppDelegate.swift in Sources */ = {isa = PBXBuildFile; fileRef = 07F070AD26346B6F009F0578 /* AppDelegate.swift */; };
		07F070B026346B6F009F0578 /* SceneDelegate.swift in Sources */ = {isa = PBXBuildFile; fileRef = 07F070AF26346B6F009F0578 /* SceneDelegate.swift */; };
		07F070B726346B71009F0578 /* Assets.xcassets in Resources */ = {isa = PBXBuildFile; fileRef = 07F070B626346B71009F0578 /* Assets.xcassets */; };
		07F070BA26346B71009F0578 /* LaunchScreen.storyboard in Resources */ = {isa = PBXBuildFile; fileRef = 07F070B826346B71009F0578 /* LaunchScreen.storyboard */; };
		07F070C526346B71009F0578 /* SwinxTests.swift in Sources */ = {isa = PBXBuildFile; fileRef = 07F070C426346B71009F0578 /* SwinxTests.swift */; };
		07F070DF2634A1C0009F0578 /* RTs.json in Resources */ = {isa = PBXBuildFile; fileRef = 07F070DE2634A1BF009F0578 /* RTs.json */; };
		07F070E12634A3AA009F0578 /* Squads.json in Resources */ = {isa = PBXBuildFile; fileRef = 07F070E02634A3AA009F0578 /* Squads.json */; };
		07F070ED2634A649009F0578 /* FunctionaryViewModel.swift in Sources */ = {isa = PBXBuildFile; fileRef = 07F070EC2634A649009F0578 /* FunctionaryViewModel.swift */; };
		07F070EF2634A65A009F0578 /* FunctionaryModel.swift in Sources */ = {isa = PBXBuildFile; fileRef = 07F070EE2634A65A009F0578 /* FunctionaryModel.swift */; };
		07F070F12634A74D009F0578 /* Functionary.json in Resources */ = {isa = PBXBuildFile; fileRef = 07F070F02634A74D009F0578 /* Functionary.json */; };
		07F070F32634AF06009F0578 /* BaseView.swift in Sources */ = {isa = PBXBuildFile; fileRef = 07F070F22634AF06009F0578 /* BaseView.swift */; };
		07F070F52634AF16009F0578 /* BaseView.xib in Resources */ = {isa = PBXBuildFile; fileRef = 07F070F42634AF16009F0578 /* BaseView.xib */; };
		07F070F82634CE7D009F0578 /* UILabelPadding.swift in Sources */ = {isa = PBXBuildFile; fileRef = 07F070F72634CE7D009F0578 /* UILabelPadding.swift */; };
		07F070FC26358A90009F0578 /* DetailFunctionaryTableViewCell.swift in Sources */ = {isa = PBXBuildFile; fileRef = 07F070FA26358A90009F0578 /* DetailFunctionaryTableViewCell.swift */; };
		07F070FD26358A90009F0578 /* DetailFunctionaryTableViewCell.xib in Resources */ = {isa = PBXBuildFile; fileRef = 07F070FB26358A90009F0578 /* DetailFunctionaryTableViewCell.xib */; };
		07F0710026359743009F0578 /* DetailFunctionaryViewController.swift in Sources */ = {isa = PBXBuildFile; fileRef = 07F070FE26359743009F0578 /* DetailFunctionaryViewController.swift */; };
		07F0710126359743009F0578 /* DetailFunctionaryViewController.xib in Resources */ = {isa = PBXBuildFile; fileRef = 07F070FF26359743009F0578 /* DetailFunctionaryViewController.xib */; };
		07F071032635B21E009F0578 /* DetailFunctionaryViewModel.swift in Sources */ = {isa = PBXBuildFile; fileRef = 07F071022635B21E009F0578 /* DetailFunctionaryViewModel.swift */; };
		07F0710A2635CAAA009F0578 /* DetailSquadViewController.swift in Sources */ = {isa = PBXBuildFile; fileRef = 07F071082635CAAA009F0578 /* DetailSquadViewController.swift */; };
		07F0710B2635CAAA009F0578 /* DetailSquadViewController.xib in Resources */ = {isa = PBXBuildFile; fileRef = 07F071092635CAAA009F0578 /* DetailSquadViewController.xib */; };
		07F0710D2635CB03009F0578 /* DetailSquadViewModel.swift in Sources */ = {isa = PBXBuildFile; fileRef = 07F0710C2635CB03009F0578 /* DetailSquadViewModel.swift */; };
		07F071142635D176009F0578 /* SquadViewModel.swift in Sources */ = {isa = PBXBuildFile; fileRef = 07F071132635D176009F0578 /* SquadViewModel.swift */; };
		07F071182635D3D1009F0578 /* SquadViewController.swift in Sources */ = {isa = PBXBuildFile; fileRef = 07F071162635D3D1009F0578 /* SquadViewController.swift */; };
		07F071192635D3D1009F0578 /* SquadViewController.xib in Resources */ = {isa = PBXBuildFile; fileRef = 07F071172635D3D1009F0578 /* SquadViewController.xib */; };
		07F0711B2635EE10009F0578 /* Leads.json in Resources */ = {isa = PBXBuildFile; fileRef = 07F0711A2635EE10009F0578 /* Leads.json */; };
		07F071202635EE9D009F0578 /* LeadsModel.swift in Sources */ = {isa = PBXBuildFile; fileRef = 07F0711F2635EE9D009F0578 /* LeadsModel.swift */; };
		07F071262635F019009F0578 /* LeadViewController.swift in Sources */ = {isa = PBXBuildFile; fileRef = 07F071242635F019009F0578 /* LeadViewController.swift */; };
		07F071272635F019009F0578 /* LeadViewController.xib in Resources */ = {isa = PBXBuildFile; fileRef = 07F071252635F019009F0578 /* LeadViewController.xib */; };
		07F071292635F146009F0578 /* LeadViewModel.swift in Sources */ = {isa = PBXBuildFile; fileRef = 07F071282635F146009F0578 /* LeadViewModel.swift */; };
		07F071302635F8FA009F0578 /* DetailLeadsViewController.swift in Sources */ = {isa = PBXBuildFile; fileRef = 07F0712E2635F8FA009F0578 /* DetailLeadsViewController.swift */; };
		07F071312635F8FA009F0578 /* DetailLeadsViewController.xib in Resources */ = {isa = PBXBuildFile; fileRef = 07F0712F2635F8FA009F0578 /* DetailLeadsViewController.xib */; };
		07F071332635FBE4009F0578 /* DetailLeadsViewModel.swift in Sources */ = {isa = PBXBuildFile; fileRef = 07F071322635FBE4009F0578 /* DetailLeadsViewModel.swift */; };
		07F0713B2636058B009F0578 /* DetailRTViewController.swift in Sources */ = {isa = PBXBuildFile; fileRef = 07F071392636058B009F0578 /* DetailRTViewController.swift */; };
		07F0713C2636058B009F0578 /* DetailRTViewController.xib in Resources */ = {isa = PBXBuildFile; fileRef = 07F0713A2636058B009F0578 /* DetailRTViewController.xib */; };
		07F0713E263605F9009F0578 /* DetailRTViewModel.swift in Sources */ = {isa = PBXBuildFile; fileRef = 07F0713D263605F9009F0578 /* DetailRTViewModel.swift */; };
		153C0C002635E7C7002A9F50 /* RTViewController.swift in Sources */ = {isa = PBXBuildFile; fileRef = 153C0BFE2635E7C7002A9F50 /* RTViewController.swift */; };
		153C0C012635E7C7002A9F50 /* RTViewController.xib in Resources */ = {isa = PBXBuildFile; fileRef = 153C0BFF2635E7C7002A9F50 /* RTViewController.xib */; };
		153C0C072635E881002A9F50 /* RTViewModel.swift in Sources */ = {isa = PBXBuildFile; fileRef = 153C0C062635E881002A9F50 /* RTViewModel.swift */; };
		154B54ED2634B0CC0063AE56 /* RTModel.swift in Sources */ = {isa = PBXBuildFile; fileRef = 154B54EC2634B0CC0063AE56 /* RTModel.swift */; };
		154B54F12634B4EF0063AE56 /* SquadModel.swift in Sources */ = {isa = PBXBuildFile; fileRef = 154B54F02634B4EF0063AE56 /* SquadModel.swift */; };
		154B55042634CA000063AE56 /* FunctionaryViewController.swift in Sources */ = {isa = PBXBuildFile; fileRef = 154B55022634CA000063AE56 /* FunctionaryViewController.swift */; };
		154B55052634CA000063AE56 /* FunctionaryViewController.xib in Resources */ = {isa = PBXBuildFile; fileRef = 154B55032634CA000063AE56 /* FunctionaryViewController.xib */; };
		154EEF3A263594610067E100 /* JSONDecoderAssist.swift in Sources */ = {isa = PBXBuildFile; fileRef = 154EEF39263594610067E100 /* JSONDecoderAssist.swift */; };
		4042787D2634CD5E0090CDB6 /* HomeViewModel.swift in Sources */ = {isa = PBXBuildFile; fileRef = 4042787C2634CD5E0090CDB6 /* HomeViewModel.swift */; };
		406AEC362634A95100FCE112 /* HomeViewController.swift in Sources */ = {isa = PBXBuildFile; fileRef = 406AEC352634A95100FCE112 /* HomeViewController.swift */; };
		406AEC402634A99400FCE112 /* HomeViewController.xib in Resources */ = {isa = PBXBuildFile; fileRef = 406AEC3F2634A99400FCE112 /* HomeViewController.xib */; };
		40E850F42634C67000D5D230 /* CategoryCollectionViewCell.swift in Sources */ = {isa = PBXBuildFile; fileRef = 40E850F32634C67000D5D230 /* CategoryCollectionViewCell.swift */; };
		40E850F82634C6A400D5D230 /* CategoryCollectionViewCell.xib in Resources */ = {isa = PBXBuildFile; fileRef = 40E850F72634C6A400D5D230 /* CategoryCollectionViewCell.xib */; };
		40E850FE2634C6B700D5D230 /* MainTabBarViewController.swift in Sources */ = {isa = PBXBuildFile; fileRef = 40E850FD2634C6B700D5D230 /* MainTabBarViewController.swift */; };
		93CBB698887D80D1C67C97E9 /* Pods_Swinx.framework in Frameworks */ = {isa = PBXBuildFile; fileRef = E9182BFC596AF82CDC78F34E /* Pods_Swinx.framework */; };
		A7687938A336ADBAE80C31F5 /* Pods_SwinxTests.framework in Frameworks */ = {isa = PBXBuildFile; fileRef = D794E4ABBCF374DFE16CD232 /* Pods_SwinxTests.framework */; };
/* End PBXBuildFile section */

/* Begin PBXContainerItemProxy section */
		07F070C126346B71009F0578 /* PBXContainerItemProxy */ = {
			isa = PBXContainerItemProxy;
			containerPortal = 07F070A226346B6F009F0578 /* Project object */;
			proxyType = 1;
			remoteGlobalIDString = 07F070A926346B6F009F0578;
			remoteInfo = Swinx;
		};
/* End PBXContainerItemProxy section */

/* Begin PBXFileReference section */
		07F070AA26346B6F009F0578 /* Swinx.app */ = {isa = PBXFileReference; explicitFileType = wrapper.application; includeInIndex = 0; path = Swinx.app; sourceTree = BUILT_PRODUCTS_DIR; };
		07F070AD26346B6F009F0578 /* AppDelegate.swift */ = {isa = PBXFileReference; lastKnownFileType = sourcecode.swift; path = AppDelegate.swift; sourceTree = "<group>"; };
		07F070AF26346B6F009F0578 /* SceneDelegate.swift */ = {isa = PBXFileReference; lastKnownFileType = sourcecode.swift; path = SceneDelegate.swift; sourceTree = "<group>"; };
		07F070B626346B71009F0578 /* Assets.xcassets */ = {isa = PBXFileReference; lastKnownFileType = folder.assetcatalog; path = Assets.xcassets; sourceTree = "<group>"; };
		07F070B926346B71009F0578 /* Base */ = {isa = PBXFileReference; lastKnownFileType = file.storyboard; name = Base; path = Base.lproj/LaunchScreen.storyboard; sourceTree = "<group>"; };
		07F070BB26346B71009F0578 /* Info.plist */ = {isa = PBXFileReference; lastKnownFileType = text.plist.xml; path = Info.plist; sourceTree = "<group>"; };
		07F070C026346B71009F0578 /* SwinxTests.xctest */ = {isa = PBXFileReference; explicitFileType = wrapper.cfbundle; includeInIndex = 0; path = SwinxTests.xctest; sourceTree = BUILT_PRODUCTS_DIR; };
		07F070C426346B71009F0578 /* SwinxTests.swift */ = {isa = PBXFileReference; lastKnownFileType = sourcecode.swift; path = SwinxTests.swift; sourceTree = "<group>"; };
		07F070C626346B71009F0578 /* Info.plist */ = {isa = PBXFileReference; lastKnownFileType = text.plist.xml; path = Info.plist; sourceTree = "<group>"; };
		07F070DE2634A1BF009F0578 /* RTs.json */ = {isa = PBXFileReference; lastKnownFileType = text.json; path = RTs.json; sourceTree = "<group>"; };
		07F070E02634A3AA009F0578 /* Squads.json */ = {isa = PBXFileReference; lastKnownFileType = text.json; path = Squads.json; sourceTree = "<group>"; };
		07F070EC2634A649009F0578 /* FunctionaryViewModel.swift */ = {isa = PBXFileReference; lastKnownFileType = sourcecode.swift; path = FunctionaryViewModel.swift; sourceTree = "<group>"; };
		07F070EE2634A65A009F0578 /* FunctionaryModel.swift */ = {isa = PBXFileReference; lastKnownFileType = sourcecode.swift; path = FunctionaryModel.swift; sourceTree = "<group>"; };
		07F070F02634A74D009F0578 /* Functionary.json */ = {isa = PBXFileReference; lastKnownFileType = text.json; path = Functionary.json; sourceTree = "<group>"; };
		07F070F22634AF06009F0578 /* BaseView.swift */ = {isa = PBXFileReference; lastKnownFileType = sourcecode.swift; path = BaseView.swift; sourceTree = "<group>"; };
		07F070F42634AF16009F0578 /* BaseView.xib */ = {isa = PBXFileReference; lastKnownFileType = file.xib; path = BaseView.xib; sourceTree = "<group>"; };
		07F070F72634CE7D009F0578 /* UILabelPadding.swift */ = {isa = PBXFileReference; lastKnownFileType = sourcecode.swift; path = UILabelPadding.swift; sourceTree = "<group>"; };
		07F070FA26358A90009F0578 /* DetailFunctionaryTableViewCell.swift */ = {isa = PBXFileReference; lastKnownFileType = sourcecode.swift; path = DetailFunctionaryTableViewCell.swift; sourceTree = "<group>"; };
		07F070FB26358A90009F0578 /* DetailFunctionaryTableViewCell.xib */ = {isa = PBXFileReference; lastKnownFileType = file.xib; path = DetailFunctionaryTableViewCell.xib; sourceTree = "<group>"; };
		07F070FE26359743009F0578 /* DetailFunctionaryViewController.swift */ = {isa = PBXFileReference; lastKnownFileType = sourcecode.swift; path = DetailFunctionaryViewController.swift; sourceTree = "<group>"; };
		07F070FF26359743009F0578 /* DetailFunctionaryViewController.xib */ = {isa = PBXFileReference; lastKnownFileType = file.xib; path = DetailFunctionaryViewController.xib; sourceTree = "<group>"; };
		07F071022635B21E009F0578 /* DetailFunctionaryViewModel.swift */ = {isa = PBXFileReference; lastKnownFileType = sourcecode.swift; path = DetailFunctionaryViewModel.swift; sourceTree = "<group>"; };
		07F071082635CAAA009F0578 /* DetailSquadViewController.swift */ = {isa = PBXFileReference; lastKnownFileType = sourcecode.swift; path = DetailSquadViewController.swift; sourceTree = "<group>"; };
		07F071092635CAAA009F0578 /* DetailSquadViewController.xib */ = {isa = PBXFileReference; lastKnownFileType = file.xib; path = DetailSquadViewController.xib; sourceTree = "<group>"; };
		07F0710C2635CB03009F0578 /* DetailSquadViewModel.swift */ = {isa = PBXFileReference; lastKnownFileType = sourcecode.swift; path = DetailSquadViewModel.swift; sourceTree = "<group>"; };
		07F071132635D176009F0578 /* SquadViewModel.swift */ = {isa = PBXFileReference; lastKnownFileType = sourcecode.swift; path = SquadViewModel.swift; sourceTree = "<group>"; };
		07F071162635D3D1009F0578 /* SquadViewController.swift */ = {isa = PBXFileReference; lastKnownFileType = sourcecode.swift; path = SquadViewController.swift; sourceTree = "<group>"; };
		07F071172635D3D1009F0578 /* SquadViewController.xib */ = {isa = PBXFileReference; lastKnownFileType = file.xib; path = SquadViewController.xib; sourceTree = "<group>"; };
		07F0711A2635EE10009F0578 /* Leads.json */ = {isa = PBXFileReference; lastKnownFileType = text.json; path = Leads.json; sourceTree = "<group>"; };
		07F0711F2635EE9D009F0578 /* LeadsModel.swift */ = {isa = PBXFileReference; lastKnownFileType = sourcecode.swift; path = LeadsModel.swift; sourceTree = "<group>"; };
		07F071242635F019009F0578 /* LeadViewController.swift */ = {isa = PBXFileReference; lastKnownFileType = sourcecode.swift; path = LeadViewController.swift; sourceTree = "<group>"; };
		07F071252635F019009F0578 /* LeadViewController.xib */ = {isa = PBXFileReference; lastKnownFileType = file.xib; path = LeadViewController.xib; sourceTree = "<group>"; };
		07F071282635F146009F0578 /* LeadViewModel.swift */ = {isa = PBXFileReference; lastKnownFileType = sourcecode.swift; path = LeadViewModel.swift; sourceTree = "<group>"; };
		07F0712E2635F8FA009F0578 /* DetailLeadsViewController.swift */ = {isa = PBXFileReference; lastKnownFileType = sourcecode.swift; path = DetailLeadsViewController.swift; sourceTree = "<group>"; };
		07F0712F2635F8FA009F0578 /* DetailLeadsViewController.xib */ = {isa = PBXFileReference; lastKnownFileType = file.xib; path = DetailLeadsViewController.xib; sourceTree = "<group>"; };
		07F071322635FBE4009F0578 /* DetailLeadsViewModel.swift */ = {isa = PBXFileReference; lastKnownFileType = sourcecode.swift; path = DetailLeadsViewModel.swift; sourceTree = "<group>"; };
		07F071392636058B009F0578 /* DetailRTViewController.swift */ = {isa = PBXFileReference; lastKnownFileType = sourcecode.swift; path = DetailRTViewController.swift; sourceTree = "<group>"; };
		07F0713A2636058B009F0578 /* DetailRTViewController.xib */ = {isa = PBXFileReference; lastKnownFileType = file.xib; path = DetailRTViewController.xib; sourceTree = "<group>"; };
		07F0713D263605F9009F0578 /* DetailRTViewModel.swift */ = {isa = PBXFileReference; lastKnownFileType = sourcecode.swift; path = DetailRTViewModel.swift; sourceTree = "<group>"; };
		153C0BFE2635E7C7002A9F50 /* RTViewController.swift */ = {isa = PBXFileReference; lastKnownFileType = sourcecode.swift; path = RTViewController.swift; sourceTree = "<group>"; };
		153C0BFF2635E7C7002A9F50 /* RTViewController.xib */ = {isa = PBXFileReference; lastKnownFileType = file.xib; path = RTViewController.xib; sourceTree = "<group>"; };
		153C0C062635E881002A9F50 /* RTViewModel.swift */ = {isa = PBXFileReference; lastKnownFileType = sourcecode.swift; path = RTViewModel.swift; sourceTree = "<group>"; };
		154B54EC2634B0CC0063AE56 /* RTModel.swift */ = {isa = PBXFileReference; lastKnownFileType = sourcecode.swift; path = RTModel.swift; sourceTree = "<group>"; };
		154B54F02634B4EF0063AE56 /* SquadModel.swift */ = {isa = PBXFileReference; lastKnownFileType = sourcecode.swift; path = SquadModel.swift; sourceTree = "<group>"; };
		154B55022634CA000063AE56 /* FunctionaryViewController.swift */ = {isa = PBXFileReference; lastKnownFileType = sourcecode.swift; path = FunctionaryViewController.swift; sourceTree = "<group>"; };
		154B55032634CA000063AE56 /* FunctionaryViewController.xib */ = {isa = PBXFileReference; lastKnownFileType = file.xib; path = FunctionaryViewController.xib; sourceTree = "<group>"; };
		154EEF39263594610067E100 /* JSONDecoderAssist.swift */ = {isa = PBXFileReference; lastKnownFileType = sourcecode.swift; path = JSONDecoderAssist.swift; sourceTree = "<group>"; };
		33394D337E4DCFAD676C5B48 /* Pods-SwinxTests.release.xcconfig */ = {isa = PBXFileReference; includeInIndex = 1; lastKnownFileType = text.xcconfig; name = "Pods-SwinxTests.release.xcconfig"; path = "Target Support Files/Pods-SwinxTests/Pods-SwinxTests.release.xcconfig"; sourceTree = "<group>"; };
		4042787C2634CD5E0090CDB6 /* HomeViewModel.swift */ = {isa = PBXFileReference; fileEncoding = 4; lastKnownFileType = sourcecode.swift; path = HomeViewModel.swift; sourceTree = "<group>"; };
		406AEC352634A95100FCE112 /* HomeViewController.swift */ = {isa = PBXFileReference; fileEncoding = 4; lastKnownFileType = sourcecode.swift; path = HomeViewController.swift; sourceTree = "<group>"; };
		406AEC3F2634A99400FCE112 /* HomeViewController.xib */ = {isa = PBXFileReference; fileEncoding = 4; lastKnownFileType = file.xib; path = HomeViewController.xib; sourceTree = "<group>"; };
		40E850F32634C67000D5D230 /* CategoryCollectionViewCell.swift */ = {isa = PBXFileReference; fileEncoding = 4; lastKnownFileType = sourcecode.swift; path = CategoryCollectionViewCell.swift; sourceTree = "<group>"; };
		40E850F72634C6A400D5D230 /* CategoryCollectionViewCell.xib */ = {isa = PBXFileReference; fileEncoding = 4; lastKnownFileType = file.xib; path = CategoryCollectionViewCell.xib; sourceTree = "<group>"; };
		40E850FD2634C6B700D5D230 /* MainTabBarViewController.swift */ = {isa = PBXFileReference; fileEncoding = 4; lastKnownFileType = sourcecode.swift; path = MainTabBarViewController.swift; sourceTree = "<group>"; };
		94AEE15C7E5E2969DD700250 /* Pods-Swinx.debug.xcconfig */ = {isa = PBXFileReference; includeInIndex = 1; lastKnownFileType = text.xcconfig; name = "Pods-Swinx.debug.xcconfig"; path = "Target Support Files/Pods-Swinx/Pods-Swinx.debug.xcconfig"; sourceTree = "<group>"; };
		B158686BC7E441E20840B767 /* Pods-Swinx.release.xcconfig */ = {isa = PBXFileReference; includeInIndex = 1; lastKnownFileType = text.xcconfig; name = "Pods-Swinx.release.xcconfig"; path = "Target Support Files/Pods-Swinx/Pods-Swinx.release.xcconfig"; sourceTree = "<group>"; };
		D794E4ABBCF374DFE16CD232 /* Pods_SwinxTests.framework */ = {isa = PBXFileReference; explicitFileType = wrapper.framework; includeInIndex = 0; path = Pods_SwinxTests.framework; sourceTree = BUILT_PRODUCTS_DIR; };
		DF735541B02B8F74E9B56675 /* Pods-SwinxTests.debug.xcconfig */ = {isa = PBXFileReference; includeInIndex = 1; lastKnownFileType = text.xcconfig; name = "Pods-SwinxTests.debug.xcconfig"; path = "Target Support Files/Pods-SwinxTests/Pods-SwinxTests.debug.xcconfig"; sourceTree = "<group>"; };
		E9182BFC596AF82CDC78F34E /* Pods_Swinx.framework */ = {isa = PBXFileReference; explicitFileType = wrapper.framework; includeInIndex = 0; path = Pods_Swinx.framework; sourceTree = BUILT_PRODUCTS_DIR; };
/* End PBXFileReference section */

/* Begin PBXFrameworksBuildPhase section */
		07F070A726346B6F009F0578 /* Frameworks */ = {
			isa = PBXFrameworksBuildPhase;
			buildActionMask = 2147483647;
			files = (
				93CBB698887D80D1C67C97E9 /* Pods_Swinx.framework in Frameworks */,
			);
			runOnlyForDeploymentPostprocessing = 0;
		};
		07F070BD26346B71009F0578 /* Frameworks */ = {
			isa = PBXFrameworksBuildPhase;
			buildActionMask = 2147483647;
			files = (
				A7687938A336ADBAE80C31F5 /* Pods_SwinxTests.framework in Frameworks */,
			);
			runOnlyForDeploymentPostprocessing = 0;
		};
/* End PBXFrameworksBuildPhase section */

/* Begin PBXGroup section */
		07F070A126346B6F009F0578 = {
			isa = PBXGroup;
			children = (
				07F070AC26346B6F009F0578 /* Swinx */,
				07F070C326346B71009F0578 /* SwinxTests */,
				07F070AB26346B6F009F0578 /* Products */,
				4461A5117C1FB6D1A0A20CE6 /* Pods */,
				B5A9AA60913B34AE0EF541F8 /* Frameworks */,
			);
			sourceTree = "<group>";
		};
		07F070AB26346B6F009F0578 /* Products */ = {
			isa = PBXGroup;
			children = (
				07F070AA26346B6F009F0578 /* Swinx.app */,
				07F070C026346B71009F0578 /* SwinxTests.xctest */,
			);
			name = Products;
			sourceTree = "<group>";
		};
		07F070AC26346B6F009F0578 /* Swinx */ = {
			isa = PBXGroup;
			children = (
				07F070DC2634A006009F0578 /* Util */,
				07F070D026349CD1009F0578 /* Feature */,
				07F070AD26346B6F009F0578 /* AppDelegate.swift */,
				07F070AF26346B6F009F0578 /* SceneDelegate.swift */,
				07F070B626346B71009F0578 /* Assets.xcassets */,
				07F070B826346B71009F0578 /* LaunchScreen.storyboard */,
				07F070BB26346B71009F0578 /* Info.plist */,
			);
			path = Swinx;
			sourceTree = "<group>";
		};
		07F070C326346B71009F0578 /* SwinxTests */ = {
			isa = PBXGroup;
			children = (
				07F070C426346B71009F0578 /* SwinxTests.swift */,
				07F070C626346B71009F0578 /* Info.plist */,
			);
			path = SwinxTests;
			sourceTree = "<group>";
		};
		07F070D026349CD1009F0578 /* Feature */ = {
			isa = PBXGroup;
			children = (
				07F0711C2635EE5B009F0578 /* Leads */,
				152B19172635D71100E32628 /* RT */,
				07F071152635D2B9009F0578 /* Squad */,
				07F070D626349E9F009F0578 /* Functionary */,
				07F070D526349E25009F0578 /* Base */,
				07F070D126349CE6009F0578 /* Home */,
			);
			path = Feature;
			sourceTree = "<group>";
		};
		07F070D126349CE6009F0578 /* Home */ = {
			isa = PBXGroup;
			children = (
				07F070D426349D01009F0578 /* ViewController */,
				07F070D326349CFA009F0578 /* View */,
				07F070D226349CEF009F0578 /* ViewModel */,
			);
			path = Home;
			sourceTree = "<group>";
		};
		07F070D226349CEF009F0578 /* ViewModel */ = {
			isa = PBXGroup;
			children = (
				4042787C2634CD5E0090CDB6 /* HomeViewModel.swift */,
			);
			path = ViewModel;
			sourceTree = "<group>";
		};
		07F070D326349CFA009F0578 /* View */ = {
			isa = PBXGroup;
			children = (
				40E850F32634C67000D5D230 /* CategoryCollectionViewCell.swift */,
				40E850F72634C6A400D5D230 /* CategoryCollectionViewCell.xib */,
			);
			path = View;
			sourceTree = "<group>";
		};
		07F070D426349D01009F0578 /* ViewController */ = {
			isa = PBXGroup;
			children = (
				406AEC352634A95100FCE112 /* HomeViewController.swift */,
				406AEC3F2634A99400FCE112 /* HomeViewController.xib */,
				40E850FD2634C6B700D5D230 /* MainTabBarViewController.swift */,
			);
			path = ViewController;
			sourceTree = "<group>";
		};
		07F070D526349E25009F0578 /* Base */ = {
			isa = PBXGroup;
			children = (
				07F070F22634AF06009F0578 /* BaseView.swift */,
				07F070F42634AF16009F0578 /* BaseView.xib */,
			);
			path = Base;
			sourceTree = "<group>";
		};
		07F070D626349E9F009F0578 /* Functionary */ = {
			isa = PBXGroup;
			children = (
				153C0BF82635DC6A002A9F50 /* DetailFunctionary */,
				153C0BF22635DBD4002A9F50 /* ListFunctionary */,
			);
			path = Functionary;
			sourceTree = "<group>";
		};
		07F070D726349ED9009F0578 /* ViewController */ = {
			isa = PBXGroup;
			children = (
				07F070FE26359743009F0578 /* DetailFunctionaryViewController.swift */,
			);
			path = ViewController;
			sourceTree = "<group>";
		};
		07F070D826349EE8009F0578 /* View */ = {
			isa = PBXGroup;
			children = (
				07F070FF26359743009F0578 /* DetailFunctionaryViewController.xib */,
				07F070F926358A40009F0578 /* ViewCell */,
			);
			path = View;
			sourceTree = "<group>";
		};
		07F070D926349EF0009F0578 /* ViewModel */ = {
			isa = PBXGroup;
			children = (
				07F071022635B21E009F0578 /* DetailFunctionaryViewModel.swift */,
			);
			path = ViewModel;
			sourceTree = "<group>";
		};
		07F070DA26349EFA009F0578 /* Model */ = {
			isa = PBXGroup;
			children = (
				07F070EE2634A65A009F0578 /* FunctionaryModel.swift */,
			);
			path = Model;
			sourceTree = "<group>";
		};
		07F070DC2634A006009F0578 /* Util */ = {
			isa = PBXGroup;
			children = (
				154EEF38263593EA0067E100 /* JsonDecoder */,
				07F070F62634CE64009F0578 /* Components */,
				07F070DD2634A18E009F0578 /* Json */,
			);
			path = Util;
			sourceTree = "<group>";
		};
		07F070DD2634A18E009F0578 /* Json */ = {
			isa = PBXGroup;
			children = (
				07F070DE2634A1BF009F0578 /* RTs.json */,
				07F070E02634A3AA009F0578 /* Squads.json */,
				07F070F02634A74D009F0578 /* Functionary.json */,
				07F0711A2635EE10009F0578 /* Leads.json */,
			);
			path = Json;
			sourceTree = "<group>";
		};
		07F070F62634CE64009F0578 /* Components */ = {
			isa = PBXGroup;
			children = (
				07F070F72634CE7D009F0578 /* UILabelPadding.swift */,
			);
			path = Components;
			sourceTree = "<group>";
		};
		07F070F926358A40009F0578 /* ViewCell */ = {
			isa = PBXGroup;
			children = (
				07F070FA26358A90009F0578 /* DetailFunctionaryTableViewCell.swift */,
				07F070FB26358A90009F0578 /* DetailFunctionaryTableViewCell.xib */,
			);
			path = ViewCell;
			sourceTree = "<group>";
		};
		07F071042635CA46009F0578 /* DetailSquad */ = {
			isa = PBXGroup;
			children = (
				07F071072635CA87009F0578 /* View */,
				07F071062635CA77009F0578 /* ViewModel */,
				07F071052635CA5F009F0578 /* ViewController */,
			);
			path = DetailSquad;
			sourceTree = "<group>";
		};
		07F071052635CA5F009F0578 /* ViewController */ = {
			isa = PBXGroup;
			children = (
				07F071082635CAAA009F0578 /* DetailSquadViewController.swift */,
			);
			path = ViewController;
			sourceTree = "<group>";
		};
		07F071062635CA77009F0578 /* ViewModel */ = {
			isa = PBXGroup;
			children = (
				07F0710C2635CB03009F0578 /* DetailSquadViewModel.swift */,
			);
			path = ViewModel;
			sourceTree = "<group>";
		};
		07F071072635CA87009F0578 /* View */ = {
			isa = PBXGroup;
			children = (
				07F071092635CAAA009F0578 /* DetailSquadViewController.xib */,
			);
			path = View;
			sourceTree = "<group>";
		};
		07F0710E2635D0F5009F0578 /* ListSquad */ = {
			isa = PBXGroup;
			children = (
				07F071122635D145009F0578 /* Model */,
				07F071112635D133009F0578 /* ViewModel */,
				07F071102635D11D009F0578 /* ViewController */,
				07F0710F2635D114009F0578 /* View */,
			);
			path = ListSquad;
			sourceTree = "<group>";
		};
		07F0710F2635D114009F0578 /* View */ = {
			isa = PBXGroup;
			children = (
				07F071172635D3D1009F0578 /* SquadViewController.xib */,
			);
			path = View;
			sourceTree = "<group>";
		};
		07F071102635D11D009F0578 /* ViewController */ = {
			isa = PBXGroup;
			children = (
				07F071162635D3D1009F0578 /* SquadViewController.swift */,
			);
			path = ViewController;
			sourceTree = "<group>";
		};
		07F071112635D133009F0578 /* ViewModel */ = {
			isa = PBXGroup;
			children = (
				07F071132635D176009F0578 /* SquadViewModel.swift */,
			);
			path = ViewModel;
			sourceTree = "<group>";
		};
		07F071122635D145009F0578 /* Model */ = {
			isa = PBXGroup;
			children = (
				154B54F02634B4EF0063AE56 /* SquadModel.swift */,
			);
			path = Model;
			sourceTree = "<group>";
		};
		07F071152635D2B9009F0578 /* Squad */ = {
			isa = PBXGroup;
			children = (
				07F071042635CA46009F0578 /* DetailSquad */,
				07F0710E2635D0F5009F0578 /* ListSquad */,
			);
			path = Squad;
			sourceTree = "<group>";
		};
		07F0711C2635EE5B009F0578 /* Leads */ = {
			isa = PBXGroup;
			children = (
				07F0712A2635F525009F0578 /* DetailLeads */,
				07F0711D2635EE69009F0578 /* ListLeads */,
			);
			path = Leads;
			sourceTree = "<group>";
		};
		07F0711D2635EE69009F0578 /* ListLeads */ = {
			isa = PBXGroup;
			children = (
				07F071232635EF86009F0578 /* View */,
				07F071222635EF7D009F0578 /* ViewModel */,
				07F071212635EF63009F0578 /* ViewController */,
				07F0711E2635EE80009F0578 /* Model */,
			);
			path = ListLeads;
			sourceTree = "<group>";
		};
		07F0711E2635EE80009F0578 /* Model */ = {
			isa = PBXGroup;
			children = (
				07F0711F2635EE9D009F0578 /* LeadsModel.swift */,
			);
			path = Model;
			sourceTree = "<group>";
		};
		07F071212635EF63009F0578 /* ViewController */ = {
			isa = PBXGroup;
			children = (
				07F071242635F019009F0578 /* LeadViewController.swift */,
			);
			path = ViewController;
			sourceTree = "<group>";
		};
		07F071222635EF7D009F0578 /* ViewModel */ = {
			isa = PBXGroup;
			children = (
				07F071282635F146009F0578 /* LeadViewModel.swift */,
			);
			path = ViewModel;
			sourceTree = "<group>";
		};
		07F071232635EF86009F0578 /* View */ = {
			isa = PBXGroup;
			children = (
				07F071252635F019009F0578 /* LeadViewController.xib */,
			);
			path = View;
			sourceTree = "<group>";
		};
		07F0712A2635F525009F0578 /* DetailLeads */ = {
			isa = PBXGroup;
			children = (
				07F0712D2635F5A7009F0578 /* ViewController */,
				07F0712C2635F59A009F0578 /* View */,
				07F0712B2635F58D009F0578 /* ViewModel */,
			);
			path = DetailLeads;
			sourceTree = "<group>";
		};
		07F0712B2635F58D009F0578 /* ViewModel */ = {
			isa = PBXGroup;
			children = (
				07F071322635FBE4009F0578 /* DetailLeadsViewModel.swift */,
			);
			path = ViewModel;
			sourceTree = "<group>";
		};
		07F0712C2635F59A009F0578 /* View */ = {
			isa = PBXGroup;
			children = (
				07F0712F2635F8FA009F0578 /* DetailLeadsViewController.xib */,
			);
			path = View;
			sourceTree = "<group>";
		};
		07F0712D2635F5A7009F0578 /* ViewController */ = {
			isa = PBXGroup;
			children = (
				07F0712E2635F8FA009F0578 /* DetailLeadsViewController.swift */,
			);
			path = ViewController;
			sourceTree = "<group>";
		};
		07F07134263604A2009F0578 /* ListRT */ = {
			isa = PBXGroup;
			children = (
				152B19182635D76500E32628 /* Model */,
				153C0BFD2635E7A2002A9F50 /* ViewController */,
				153C0C042635E7DC002A9F50 /* View */,
				153C0C052635E869002A9F50 /* ViewModel */,
			);
			path = ListRT;
			sourceTree = "<group>";
		};
		07F07135263604FF009F0578 /* DetailRT */ = {
			isa = PBXGroup;
			children = (
				07F071382636053D009F0578 /* View */,
				07F071372636052E009F0578 /* ViewController */,
				07F0713626360522009F0578 /* ViewModel */,
			);
			path = DetailRT;
			sourceTree = "<group>";
		};
		07F0713626360522009F0578 /* ViewModel */ = {
			isa = PBXGroup;
			children = (
				07F0713D263605F9009F0578 /* DetailRTViewModel.swift */,
			);
			path = ViewModel;
			sourceTree = "<group>";
		};
		07F071372636052E009F0578 /* ViewController */ = {
			isa = PBXGroup;
			children = (
				07F071392636058B009F0578 /* DetailRTViewController.swift */,
			);
			path = ViewController;
			sourceTree = "<group>";
		};
		07F071382636053D009F0578 /* View */ = {
			isa = PBXGroup;
			children = (
				07F0713A2636058B009F0578 /* DetailRTViewController.xib */,
			);
			path = View;
			sourceTree = "<group>";
		};
		152B19172635D71100E32628 /* RT */ = {
			isa = PBXGroup;
			children = (
				07F07135263604FF009F0578 /* DetailRT */,
				07F07134263604A2009F0578 /* ListRT */,
			);
			path = RT;
			sourceTree = "<group>";
		};
		152B19182635D76500E32628 /* Model */ = {
			isa = PBXGroup;
			children = (
				154B54EC2634B0CC0063AE56 /* RTModel.swift */,
			);
			path = Model;
			sourceTree = "<group>";
		};
		153C0BF22635DBD4002A9F50 /* ListFunctionary */ = {
			isa = PBXGroup;
			children = (
				153C0BF72635DC50002A9F50 /* ViewController */,
				153C0BF42635DC02002A9F50 /* View */,
				153C0BF32635DBEC002A9F50 /* ViewModel */,
				07F070DA26349EFA009F0578 /* Model */,
			);
			path = ListFunctionary;
			sourceTree = "<group>";
		};
		153C0BF32635DBEC002A9F50 /* ViewModel */ = {
			isa = PBXGroup;
			children = (
				07F070EC2634A649009F0578 /* FunctionaryViewModel.swift */,
			);
			path = ViewModel;
			sourceTree = "<group>";
		};
		153C0BF42635DC02002A9F50 /* View */ = {
			isa = PBXGroup;
			children = (
				154B55032634CA000063AE56 /* FunctionaryViewController.xib */,
			);
			path = View;
			sourceTree = "<group>";
		};
		153C0BF72635DC50002A9F50 /* ViewController */ = {
			isa = PBXGroup;
			children = (
				154B55022634CA000063AE56 /* FunctionaryViewController.swift */,
			);
			path = ViewController;
			sourceTree = "<group>";
		};
		153C0BF82635DC6A002A9F50 /* DetailFunctionary */ = {
			isa = PBXGroup;
			children = (
				07F070D926349EF0009F0578 /* ViewModel */,
				07F070D726349ED9009F0578 /* ViewController */,
				07F070D826349EE8009F0578 /* View */,
			);
			path = DetailFunctionary;
			sourceTree = "<group>";
		};
		153C0BFD2635E7A2002A9F50 /* ViewController */ = {
			isa = PBXGroup;
			children = (
				153C0BFE2635E7C7002A9F50 /* RTViewController.swift */,
			);
			path = ViewController;
			sourceTree = "<group>";
		};
		153C0C042635E7DC002A9F50 /* View */ = {
			isa = PBXGroup;
			children = (
				153C0BFF2635E7C7002A9F50 /* RTViewController.xib */,
			);
			path = View;
			sourceTree = "<group>";
		};
		153C0C052635E869002A9F50 /* ViewModel */ = {
			isa = PBXGroup;
			children = (
				153C0C062635E881002A9F50 /* RTViewModel.swift */,
			);
			path = ViewModel;
			sourceTree = "<group>";
		};
		154EEF38263593EA0067E100 /* JsonDecoder */ = {
			isa = PBXGroup;
			children = (
				154EEF39263594610067E100 /* JSONDecoderAssist.swift */,
			);
			path = JsonDecoder;
			sourceTree = "<group>";
		};
		4461A5117C1FB6D1A0A20CE6 /* Pods */ = {
			isa = PBXGroup;
			children = (
				94AEE15C7E5E2969DD700250 /* Pods-Swinx.debug.xcconfig */,
				B158686BC7E441E20840B767 /* Pods-Swinx.release.xcconfig */,
				DF735541B02B8F74E9B56675 /* Pods-SwinxTests.debug.xcconfig */,
				33394D337E4DCFAD676C5B48 /* Pods-SwinxTests.release.xcconfig */,
			);
			path = Pods;
			sourceTree = "<group>";
		};
		B5A9AA60913B34AE0EF541F8 /* Frameworks */ = {
			isa = PBXGroup;
			children = (
				E9182BFC596AF82CDC78F34E /* Pods_Swinx.framework */,
				D794E4ABBCF374DFE16CD232 /* Pods_SwinxTests.framework */,
			);
			name = Frameworks;
			sourceTree = "<group>";
		};
/* End PBXGroup section */

/* Begin PBXNativeTarget section */
		07F070A926346B6F009F0578 /* Swinx */ = {
			isa = PBXNativeTarget;
			buildConfigurationList = 07F070C926346B71009F0578 /* Build configuration list for PBXNativeTarget "Swinx" */;
			buildPhases = (
				658F985276B19303AF29CA98 /* [CP] Check Pods Manifest.lock */,
				07F070A626346B6F009F0578 /* Sources */,
				07F070A726346B6F009F0578 /* Frameworks */,
				07F070A826346B6F009F0578 /* Resources */,
			);
			buildRules = (
			);
			dependencies = (
			);
			name = Swinx;
			productName = Swinx;
			productReference = 07F070AA26346B6F009F0578 /* Swinx.app */;
			productType = "com.apple.product-type.application";
		};
		07F070BF26346B71009F0578 /* SwinxTests */ = {
			isa = PBXNativeTarget;
			buildConfigurationList = 07F070CC26346B71009F0578 /* Build configuration list for PBXNativeTarget "SwinxTests" */;
			buildPhases = (
				9E9487B2276FF5D798904DDC /* [CP] Check Pods Manifest.lock */,
				07F070BC26346B71009F0578 /* Sources */,
				07F070BD26346B71009F0578 /* Frameworks */,
				07F070BE26346B71009F0578 /* Resources */,
			);
			buildRules = (
			);
			dependencies = (
				07F070C226346B71009F0578 /* PBXTargetDependency */,
			);
			name = SwinxTests;
			productName = SwinxTests;
			productReference = 07F070C026346B71009F0578 /* SwinxTests.xctest */;
			productType = "com.apple.product-type.bundle.unit-test";
		};
/* End PBXNativeTarget section */

/* Begin PBXProject section */
		07F070A226346B6F009F0578 /* Project object */ = {
			isa = PBXProject;
			attributes = {
				LastSwiftUpdateCheck = 1130;
				LastUpgradeCheck = 1130;
				ORGANIZATIONNAME = Swinx;
				TargetAttributes = {
					07F070A926346B6F009F0578 = {
						CreatedOnToolsVersion = 11.3;
					};
					07F070BF26346B71009F0578 = {
						CreatedOnToolsVersion = 11.3;
						TestTargetID = 07F070A926346B6F009F0578;
					};
				};
			};
			buildConfigurationList = 07F070A526346B6F009F0578 /* Build configuration list for PBXProject "Swinx" */;
			compatibilityVersion = "Xcode 9.3";
			developmentRegion = en;
			hasScannedForEncodings = 0;
			knownRegions = (
				en,
				Base,
			);
			mainGroup = 07F070A126346B6F009F0578;
			productRefGroup = 07F070AB26346B6F009F0578 /* Products */;
			projectDirPath = "";
			projectRoot = "";
			targets = (
				07F070A926346B6F009F0578 /* Swinx */,
				07F070BF26346B71009F0578 /* SwinxTests */,
			);
		};
/* End PBXProject section */

/* Begin PBXResourcesBuildPhase section */
		07F070A826346B6F009F0578 /* Resources */ = {
			isa = PBXResourcesBuildPhase;
			buildActionMask = 2147483647;
			files = (
				07F070F12634A74D009F0578 /* Functionary.json in Resources */,
				07F071312635F8FA009F0578 /* DetailLeadsViewController.xib in Resources */,
				07F070FD26358A90009F0578 /* DetailFunctionaryTableViewCell.xib in Resources */,
				153C0C012635E7C7002A9F50 /* RTViewController.xib in Resources */,
				07F0710B2635CAAA009F0578 /* DetailSquadViewController.xib in Resources */,
				40E850F82634C6A400D5D230 /* CategoryCollectionViewCell.xib in Resources */,
				07F070BA26346B71009F0578 /* LaunchScreen.storyboard in Resources */,
				07F070E12634A3AA009F0578 /* Squads.json in Resources */,
				406AEC402634A99400FCE112 /* HomeViewController.xib in Resources */,
				07F070F52634AF16009F0578 /* BaseView.xib in Resources */,
				07F071192635D3D1009F0578 /* SquadViewController.xib in Resources */,
				07F0713C2636058B009F0578 /* DetailRTViewController.xib in Resources */,
				07F070DF2634A1C0009F0578 /* RTs.json in Resources */,
				07F0711B2635EE10009F0578 /* Leads.json in Resources */,
				07F071272635F019009F0578 /* LeadViewController.xib in Resources */,
				07F070B726346B71009F0578 /* Assets.xcassets in Resources */,
				154B55052634CA000063AE56 /* FunctionaryViewController.xib in Resources */,
				07F0710126359743009F0578 /* DetailFunctionaryViewController.xib in Resources */,
			);
			runOnlyForDeploymentPostprocessing = 0;
		};
		07F070BE26346B71009F0578 /* Resources */ = {
			isa = PBXResourcesBuildPhase;
			buildActionMask = 2147483647;
			files = (
			);
			runOnlyForDeploymentPostprocessing = 0;
		};
/* End PBXResourcesBuildPhase section */

/* Begin PBXShellScriptBuildPhase section */
		658F985276B19303AF29CA98 /* [CP] Check Pods Manifest.lock */ = {
			isa = PBXShellScriptBuildPhase;
			buildActionMask = 2147483647;
			files = (
			);
			inputFileListPaths = (
			);
			inputPaths = (
				"${PODS_PODFILE_DIR_PATH}/Podfile.lock",
				"${PODS_ROOT}/Manifest.lock",
			);
			name = "[CP] Check Pods Manifest.lock";
			outputFileListPaths = (
			);
			outputPaths = (
				"$(DERIVED_FILE_DIR)/Pods-Swinx-checkManifestLockResult.txt",
			);
			runOnlyForDeploymentPostprocessing = 0;
			shellPath = /bin/sh;
			shellScript = "diff \"${PODS_PODFILE_DIR_PATH}/Podfile.lock\" \"${PODS_ROOT}/Manifest.lock\" > /dev/null\nif [ $? != 0 ] ; then\n    # print error to STDERR\n    echo \"error: The sandbox is not in sync with the Podfile.lock. Run 'pod install' or update your CocoaPods installation.\" >&2\n    exit 1\nfi\n# This output is used by Xcode 'outputs' to avoid re-running this script phase.\necho \"SUCCESS\" > \"${SCRIPT_OUTPUT_FILE_0}\"\n";
			showEnvVarsInLog = 0;
		};
		9E9487B2276FF5D798904DDC /* [CP] Check Pods Manifest.lock */ = {
			isa = PBXShellScriptBuildPhase;
			buildActionMask = 2147483647;
			files = (
			);
			inputFileListPaths = (
			);
			inputPaths = (
				"${PODS_PODFILE_DIR_PATH}/Podfile.lock",
				"${PODS_ROOT}/Manifest.lock",
			);
			name = "[CP] Check Pods Manifest.lock";
			outputFileListPaths = (
			);
			outputPaths = (
				"$(DERIVED_FILE_DIR)/Pods-SwinxTests-checkManifestLockResult.txt",
			);
			runOnlyForDeploymentPostprocessing = 0;
			shellPath = /bin/sh;
			shellScript = "diff \"${PODS_PODFILE_DIR_PATH}/Podfile.lock\" \"${PODS_ROOT}/Manifest.lock\" > /dev/null\nif [ $? != 0 ] ; then\n    # print error to STDERR\n    echo \"error: The sandbox is not in sync with the Podfile.lock. Run 'pod install' or update your CocoaPods installation.\" >&2\n    exit 1\nfi\n# This output is used by Xcode 'outputs' to avoid re-running this script phase.\necho \"SUCCESS\" > \"${SCRIPT_OUTPUT_FILE_0}\"\n";
			showEnvVarsInLog = 0;
		};
/* End PBXShellScriptBuildPhase section */

/* Begin PBXSourcesBuildPhase section */
		07F070A626346B6F009F0578 /* Sources */ = {
			isa = PBXSourcesBuildPhase;
			buildActionMask = 2147483647;
			files = (
				153C0C002635E7C7002A9F50 /* RTViewController.swift in Sources */,
				07F0713E263605F9009F0578 /* DetailRTViewModel.swift in Sources */,
				07F0710D2635CB03009F0578 /* DetailSquadViewModel.swift in Sources */,
				40E850FE2634C6B700D5D230 /* MainTabBarViewController.swift in Sources */,
				07F0713B2636058B009F0578 /* DetailRTViewController.swift in Sources */,
				154EEF3A263594610067E100 /* JSONDecoderAssist.swift in Sources */,
				07F0710A2635CAAA009F0578 /* DetailSquadViewController.swift in Sources */,
				154B55042634CA000063AE56 /* FunctionaryViewController.swift in Sources */,
				4042787D2634CD5E0090CDB6 /* HomeViewModel.swift in Sources */,
				40E850F42634C67000D5D230 /* CategoryCollectionViewCell.swift in Sources */,
				07F071302635F8FA009F0578 /* DetailLeadsViewController.swift in Sources */,
				154B54ED2634B0CC0063AE56 /* RTModel.swift in Sources */,
				07F070EF2634A65A009F0578 /* FunctionaryModel.swift in Sources */,
				07F070AE26346B6F009F0578 /* AppDelegate.swift in Sources */,
				07F070FC26358A90009F0578 /* DetailFunctionaryTableViewCell.swift in Sources */,
				07F071032635B21E009F0578 /* DetailFunctionaryViewModel.swift in Sources */,
				07F071202635EE9D009F0578 /* LeadsModel.swift in Sources */,
				07F070F82634CE7D009F0578 /* UILabelPadding.swift in Sources */,
				406AEC362634A95100FCE112 /* HomeViewController.swift in Sources */,
				154B54F12634B4EF0063AE56 /* SquadModel.swift in Sources */,
				07F070B026346B6F009F0578 /* SceneDelegate.swift in Sources */,
				07F070F32634AF06009F0578 /* BaseView.swift in Sources */,
				07F071142635D176009F0578 /* SquadViewModel.swift in Sources */,
				07F071332635FBE4009F0578 /* DetailLeadsViewModel.swift in Sources */,
				07F071262635F019009F0578 /* LeadViewController.swift in Sources */,
				153C0C072635E881002A9F50 /* RTViewModel.swift in Sources */,
				07F071292635F146009F0578 /* LeadViewModel.swift in Sources */,
				07F071182635D3D1009F0578 /* SquadViewController.swift in Sources */,
				07F0710026359743009F0578 /* DetailFunctionaryViewController.swift in Sources */,
				07F070ED2634A649009F0578 /* FunctionaryViewModel.swift in Sources */,
			);
			runOnlyForDeploymentPostprocessing = 0;
		};
		07F070BC26346B71009F0578 /* Sources */ = {
			isa = PBXSourcesBuildPhase;
			buildActionMask = 2147483647;
			files = (
				07F070C526346B71009F0578 /* SwinxTests.swift in Sources */,
			);
			runOnlyForDeploymentPostprocessing = 0;
		};
/* End PBXSourcesBuildPhase section */

/* Begin PBXTargetDependency section */
		07F070C226346B71009F0578 /* PBXTargetDependency */ = {
			isa = PBXTargetDependency;
			target = 07F070A926346B6F009F0578 /* Swinx */;
			targetProxy = 07F070C126346B71009F0578 /* PBXContainerItemProxy */;
		};
/* End PBXTargetDependency section */

/* Begin PBXVariantGroup section */
		07F070B826346B71009F0578 /* LaunchScreen.storyboard */ = {
			isa = PBXVariantGroup;
			children = (
				07F070B926346B71009F0578 /* Base */,
			);
			name = LaunchScreen.storyboard;
			sourceTree = "<group>";
		};
/* End PBXVariantGroup section */

/* Begin XCBuildConfiguration section */
		07F070C726346B71009F0578 /* Debug */ = {
			isa = XCBuildConfiguration;
			buildSettings = {
				ALWAYS_SEARCH_USER_PATHS = NO;
				CLANG_ANALYZER_NONNULL = YES;
				CLANG_ANALYZER_NUMBER_OBJECT_CONVERSION = YES_AGGRESSIVE;
				CLANG_CXX_LANGUAGE_STANDARD = "gnu++14";
				CLANG_CXX_LIBRARY = "libc++";
				CLANG_ENABLE_MODULES = YES;
				CLANG_ENABLE_OBJC_ARC = YES;
				CLANG_ENABLE_OBJC_WEAK = YES;
				CLANG_WARN_BLOCK_CAPTURE_AUTORELEASING = YES;
				CLANG_WARN_BOOL_CONVERSION = YES;
				CLANG_WARN_COMMA = YES;
				CLANG_WARN_CONSTANT_CONVERSION = YES;
				CLANG_WARN_DEPRECATED_OBJC_IMPLEMENTATIONS = YES;
				CLANG_WARN_DIRECT_OBJC_ISA_USAGE = YES_ERROR;
				CLANG_WARN_DOCUMENTATION_COMMENTS = YES;
				CLANG_WARN_EMPTY_BODY = YES;
				CLANG_WARN_ENUM_CONVERSION = YES;
				CLANG_WARN_INFINITE_RECURSION = YES;
				CLANG_WARN_INT_CONVERSION = YES;
				CLANG_WARN_NON_LITERAL_NULL_CONVERSION = YES;
				CLANG_WARN_OBJC_IMPLICIT_RETAIN_SELF = YES;
				CLANG_WARN_OBJC_LITERAL_CONVERSION = YES;
				CLANG_WARN_OBJC_ROOT_CLASS = YES_ERROR;
				CLANG_WARN_RANGE_LOOP_ANALYSIS = YES;
				CLANG_WARN_STRICT_PROTOTYPES = YES;
				CLANG_WARN_SUSPICIOUS_MOVE = YES;
				CLANG_WARN_UNGUARDED_AVAILABILITY = YES_AGGRESSIVE;
				CLANG_WARN_UNREACHABLE_CODE = YES;
				CLANG_WARN__DUPLICATE_METHOD_MATCH = YES;
				COPY_PHASE_STRIP = NO;
				DEBUG_INFORMATION_FORMAT = dwarf;
				ENABLE_STRICT_OBJC_MSGSEND = YES;
				ENABLE_TESTABILITY = YES;
				GCC_C_LANGUAGE_STANDARD = gnu11;
				GCC_DYNAMIC_NO_PIC = NO;
				GCC_NO_COMMON_BLOCKS = YES;
				GCC_OPTIMIZATION_LEVEL = 0;
				GCC_PREPROCESSOR_DEFINITIONS = (
					"DEBUG=1",
					"$(inherited)",
				);
				GCC_WARN_64_TO_32_BIT_CONVERSION = YES;
				GCC_WARN_ABOUT_RETURN_TYPE = YES_ERROR;
				GCC_WARN_UNDECLARED_SELECTOR = YES;
				GCC_WARN_UNINITIALIZED_AUTOS = YES_AGGRESSIVE;
				GCC_WARN_UNUSED_FUNCTION = YES;
				GCC_WARN_UNUSED_VARIABLE = YES;
				IPHONEOS_DEPLOYMENT_TARGET = 13.2;
				MTL_ENABLE_DEBUG_INFO = INCLUDE_SOURCE;
				MTL_FAST_MATH = YES;
				ONLY_ACTIVE_ARCH = YES;
				SDKROOT = iphoneos;
				SWIFT_ACTIVE_COMPILATION_CONDITIONS = DEBUG;
				SWIFT_OPTIMIZATION_LEVEL = "-Onone";
			};
			name = Debug;
		};
		07F070C826346B71009F0578 /* Release */ = {
			isa = XCBuildConfiguration;
			buildSettings = {
				ALWAYS_SEARCH_USER_PATHS = NO;
				CLANG_ANALYZER_NONNULL = YES;
				CLANG_ANALYZER_NUMBER_OBJECT_CONVERSION = YES_AGGRESSIVE;
				CLANG_CXX_LANGUAGE_STANDARD = "gnu++14";
				CLANG_CXX_LIBRARY = "libc++";
				CLANG_ENABLE_MODULES = YES;
				CLANG_ENABLE_OBJC_ARC = YES;
				CLANG_ENABLE_OBJC_WEAK = YES;
				CLANG_WARN_BLOCK_CAPTURE_AUTORELEASING = YES;
				CLANG_WARN_BOOL_CONVERSION = YES;
				CLANG_WARN_COMMA = YES;
				CLANG_WARN_CONSTANT_CONVERSION = YES;
				CLANG_WARN_DEPRECATED_OBJC_IMPLEMENTATIONS = YES;
				CLANG_WARN_DIRECT_OBJC_ISA_USAGE = YES_ERROR;
				CLANG_WARN_DOCUMENTATION_COMMENTS = YES;
				CLANG_WARN_EMPTY_BODY = YES;
				CLANG_WARN_ENUM_CONVERSION = YES;
				CLANG_WARN_INFINITE_RECURSION = YES;
				CLANG_WARN_INT_CONVERSION = YES;
				CLANG_WARN_NON_LITERAL_NULL_CONVERSION = YES;
				CLANG_WARN_OBJC_IMPLICIT_RETAIN_SELF = YES;
				CLANG_WARN_OBJC_LITERAL_CONVERSION = YES;
				CLANG_WARN_OBJC_ROOT_CLASS = YES_ERROR;
				CLANG_WARN_RANGE_LOOP_ANALYSIS = YES;
				CLANG_WARN_STRICT_PROTOTYPES = YES;
				CLANG_WARN_SUSPICIOUS_MOVE = YES;
				CLANG_WARN_UNGUARDED_AVAILABILITY = YES_AGGRESSIVE;
				CLANG_WARN_UNREACHABLE_CODE = YES;
				CLANG_WARN__DUPLICATE_METHOD_MATCH = YES;
				COPY_PHASE_STRIP = NO;
				DEBUG_INFORMATION_FORMAT = "dwarf-with-dsym";
				ENABLE_NS_ASSERTIONS = NO;
				ENABLE_STRICT_OBJC_MSGSEND = YES;
				GCC_C_LANGUAGE_STANDARD = gnu11;
				GCC_NO_COMMON_BLOCKS = YES;
				GCC_WARN_64_TO_32_BIT_CONVERSION = YES;
				GCC_WARN_ABOUT_RETURN_TYPE = YES_ERROR;
				GCC_WARN_UNDECLARED_SELECTOR = YES;
				GCC_WARN_UNINITIALIZED_AUTOS = YES_AGGRESSIVE;
				GCC_WARN_UNUSED_FUNCTION = YES;
				GCC_WARN_UNUSED_VARIABLE = YES;
				IPHONEOS_DEPLOYMENT_TARGET = 13.2;
				MTL_ENABLE_DEBUG_INFO = NO;
				MTL_FAST_MATH = YES;
				SDKROOT = iphoneos;
				SWIFT_COMPILATION_MODE = wholemodule;
				SWIFT_OPTIMIZATION_LEVEL = "-O";
				VALIDATE_PRODUCT = YES;
			};
			name = Release;
		};
		07F070CA26346B71009F0578 /* Debug */ = {
			isa = XCBuildConfiguration;
			baseConfigurationReference = 94AEE15C7E5E2969DD700250 /* Pods-Swinx.debug.xcconfig */;
			buildSettings = {
				ASSETCATALOG_COMPILER_APPICON_NAME = AppIcon;
				CODE_SIGN_STYLE = Automatic;
				INFOPLIST_FILE = Swinx/Info.plist;
				LD_RUNPATH_SEARCH_PATHS = (
					"$(inherited)",
					"@executable_path/Frameworks",
				);
				PRODUCT_BUNDLE_IDENTIFIER = swinx.Swinx;
				PRODUCT_NAME = "$(TARGET_NAME)";
				SWIFT_VERSION = 5.0;
				TARGETED_DEVICE_FAMILY = "1,2";
			};
			name = Debug;
		};
		07F070CB26346B71009F0578 /* Release */ = {
			isa = XCBuildConfiguration;
			baseConfigurationReference = B158686BC7E441E20840B767 /* Pods-Swinx.release.xcconfig */;
			buildSettings = {
				ASSETCATALOG_COMPILER_APPICON_NAME = AppIcon;
				CODE_SIGN_STYLE = Automatic;
				INFOPLIST_FILE = Swinx/Info.plist;
				LD_RUNPATH_SEARCH_PATHS = (
					"$(inherited)",
					"@executable_path/Frameworks",
				);
				PRODUCT_BUNDLE_IDENTIFIER = swinx.Swinx;
				PRODUCT_NAME = "$(TARGET_NAME)";
				SWIFT_VERSION = 5.0;
				TARGETED_DEVICE_FAMILY = "1,2";
			};
			name = Release;
		};
		07F070CD26346B71009F0578 /* Debug */ = {
			isa = XCBuildConfiguration;
			baseConfigurationReference = DF735541B02B8F74E9B56675 /* Pods-SwinxTests.debug.xcconfig */;
			buildSettings = {
				ALWAYS_EMBED_SWIFT_STANDARD_LIBRARIES = YES;
				BUNDLE_LOADER = "$(TEST_HOST)";
				CODE_SIGN_STYLE = Automatic;
				INFOPLIST_FILE = SwinxTests/Info.plist;
				IPHONEOS_DEPLOYMENT_TARGET = 13.2;
				LD_RUNPATH_SEARCH_PATHS = (
					"$(inherited)",
					"@executable_path/Frameworks",
					"@loader_path/Frameworks",
				);
				PRODUCT_BUNDLE_IDENTIFIER = swinx.SwinxTests;
				PRODUCT_NAME = "$(TARGET_NAME)";
				SWIFT_VERSION = 5.0;
				TARGETED_DEVICE_FAMILY = "1,2";
				TEST_HOST = "$(BUILT_PRODUCTS_DIR)/Swinx.app/Swinx";
			};
			name = Debug;
		};
		07F070CE26346B71009F0578 /* Release */ = {
			isa = XCBuildConfiguration;
			baseConfigurationReference = 33394D337E4DCFAD676C5B48 /* Pods-SwinxTests.release.xcconfig */;
			buildSettings = {
				ALWAYS_EMBED_SWIFT_STANDARD_LIBRARIES = YES;
				BUNDLE_LOADER = "$(TEST_HOST)";
				CODE_SIGN_STYLE = Automatic;
				INFOPLIST_FILE = SwinxTests/Info.plist;
				IPHONEOS_DEPLOYMENT_TARGET = 13.2;
				LD_RUNPATH_SEARCH_PATHS = (
					"$(inherited)",
					"@executable_path/Frameworks",
					"@loader_path/Frameworks",
				);
				PRODUCT_BUNDLE_IDENTIFIER = swinx.SwinxTests;
				PRODUCT_NAME = "$(TARGET_NAME)";
				SWIFT_VERSION = 5.0;
				TARGETED_DEVICE_FAMILY = "1,2";
				TEST_HOST = "$(BUILT_PRODUCTS_DIR)/Swinx.app/Swinx";
			};
			name = Release;
		};
/* End XCBuildConfiguration section */

/* Begin XCConfigurationList section */
		07F070A526346B6F009F0578 /* Build configuration list for PBXProject "Swinx" */ = {
			isa = XCConfigurationList;
			buildConfigurations = (
				07F070C726346B71009F0578 /* Debug */,
				07F070C826346B71009F0578 /* Release */,
			);
			defaultConfigurationIsVisible = 0;
			defaultConfigurationName = Release;
		};
		07F070C926346B71009F0578 /* Build configuration list for PBXNativeTarget "Swinx" */ = {
			isa = XCConfigurationList;
			buildConfigurations = (
				07F070CA26346B71009F0578 /* Debug */,
				07F070CB26346B71009F0578 /* Release */,
			);
			defaultConfigurationIsVisible = 0;
			defaultConfigurationName = Release;
		};
		07F070CC26346B71009F0578 /* Build configuration list for PBXNativeTarget "SwinxTests" */ = {
			isa = XCConfigurationList;
			buildConfigurations = (
				07F070CD26346B71009F0578 /* Debug */,
				07F070CE26346B71009F0578 /* Release */,
			);
			defaultConfigurationIsVisible = 0;
			defaultConfigurationName = Release;
		};
/* End XCConfigurationList section */
	};
	rootObject = 07F070A226346B6F009F0578 /* Project object */;
}
